// !$*UTF8*$!
{
	archiveVersion = 1;
	classes = {
	};
	objectVersion = 56;
	objects = {

/* Begin PBXBuildFile section */
		4E20AF052DD4B96200184744 /* BabyBrunchApp.swift in Sources */ = {isa = PBXBuildFile; fileRef = 4E20AF042DD4B96200184744 /* BabyBrunchApp.swift */; };
		4E20AF072DD4B96200184744 /* ContentView.swift in Sources */ = {isa = PBXBuildFile; fileRef = 4E20AF062DD4B96200184744 /* ContentView.swift */; };
		4E20AF092DD4B96400184744 /* Assets.xcassets in Resources */ = {isa = PBXBuildFile; fileRef = 4E20AF082DD4B96400184744 /* Assets.xcassets */; };
		4E20AF0C2DD4B96400184744 /* Preview Assets.xcassets in Resources */ = {isa = PBXBuildFile; fileRef = 4E20AF0B2DD4B96400184744 /* Preview Assets.xcassets */; };
		4E20AF162DD4B96400184744 /* BabyBrunchTests.swift in Sources */ = {isa = PBXBuildFile; fileRef = 4E20AF152DD4B96400184744 /* BabyBrunchTests.swift */; };
		4E20AF202DD4B96400184744 /* BabyBrunchUITests.swift in Sources */ = {isa = PBXBuildFile; fileRef = 4E20AF1F2DD4B96400184744 /* BabyBrunchUITests.swift */; };
		4E20AF222DD4B96400184744 /* BabyBrunchUITestsLaunchTests.swift in Sources */ = {isa = PBXBuildFile; fileRef = 4E20AF212DD4B96400184744 /* BabyBrunchUITestsLaunchTests.swift */; };
/* End PBXBuildFile section */

/* Begin PBXContainerItemProxy section */
		4E20AF122DD4B96400184744 /* PBXContainerItemProxy */ = {
			isa = PBXContainerItemProxy;
			containerPortal = 4E20AEF92DD4B96200184744 /* Project object */;
			proxyType = 1;
			remoteGlobalIDString = 4E20AF002DD4B96200184744;
			remoteInfo = BabyBrunch;
		};
		4E20AF1C2DD4B96400184744 /* PBXContainerItemProxy */ = {
			isa = PBXContainerItemProxy;
			containerPortal = 4E20AEF92DD4B96200184744 /* Project object */;
			proxyType = 1;
			remoteGlobalIDString = 4E20AF002DD4B96200184744;
			remoteInfo = BabyBrunch;
		};
/* End PBXContainerItemProxy section */

/* Begin PBXFileReference section */
		4E20AF012DD4B96200184744 /* BabyBrunch.app */ = {isa = PBXFileReference; explicitFileType = wrapper.application; includeInIndex = 0; path = BabyBrunch.app; sourceTree = BUILT_PRODUCTS_DIR; };
		4E20AF042DD4B96200184744 /* BabyBrunchApp.swift */ = {isa = PBXFileReference; lastKnownFileType = sourcecode.swift; path = BabyBrunchApp.swift; sourceTree = "<group>"; };
		4E20AF062DD4B96200184744 /* ContentView.swift */ = {isa = PBXFileReference; lastKnownFileType = sourcecode.swift; path = ContentView.swift; sourceTree = "<group>"; };
		4E20AF082DD4B96400184744 /* Assets.xcassets */ = {isa = PBXFileReference; lastKnownFileType = folder.assetcatalog; path = Assets.xcassets; sourceTree = "<group>"; };
		4E20AF0B2DD4B96400184744 /* Preview Assets.xcassets */ = {isa = PBXFileReference; lastKnownFileType = folder.assetcatalog; path = "Preview Assets.xcassets"; sourceTree = "<group>"; };
		4E20AF112DD4B96400184744 /* BabyBrunchTests.xctest */ = {isa = PBXFileReference; explicitFileType = wrapper.cfbundle; includeInIndex = 0; path = BabyBrunchTests.xctest; sourceTree = BUILT_PRODUCTS_DIR; };
		4E20AF152DD4B96400184744 /* BabyBrunchTests.swift */ = {isa = PBXFileReference; lastKnownFileType = sourcecode.swift; path = BabyBrunchTests.swift; sourceTree = "<group>"; };
		4E20AF1B2DD4B96400184744 /* BabyBrunchUITests.xctest */ = {isa = PBXFileReference; explicitFileType = wrapper.cfbundle; includeInIndex = 0; path = BabyBrunchUITests.xctest; sourceTree = BUILT_PRODUCTS_DIR; };
		4E20AF1F2DD4B96400184744 /* BabyBrunchUITests.swift */ = {isa = PBXFileReference; lastKnownFileType = sourcecode.swift; path = BabyBrunchUITests.swift; sourceTree = "<group>"; };
		4E20AF212DD4B96400184744 /* BabyBrunchUITestsLaunchTests.swift */ = {isa = PBXFileReference; lastKnownFileType = sourcecode.swift; path = BabyBrunchUITestsLaunchTests.swift; sourceTree = "<group>"; };
/* End PBXFileReference section */

/* Begin PBXFrameworksBuildPhase section */
		4E20AEFE2DD4B96200184744 /* Frameworks */ = {
			isa = PBXFrameworksBuildPhase;
			buildActionMask = 2147483647;
			files = (
			);
			runOnlyForDeploymentPostprocessing = 0;
		};
		4E20AF0E2DD4B96400184744 /* Frameworks */ = {
			isa = PBXFrameworksBuildPhase;
			buildActionMask = 2147483647;
			files = (
			);
			runOnlyForDeploymentPostprocessing = 0;
		};
		4E20AF182DD4B96400184744 /* Frameworks */ = {
			isa = PBXFrameworksBuildPhase;
			buildActionMask = 2147483647;
			files = (
			);
			runOnlyForDeploymentPostprocessing = 0;
		};
/* End PBXFrameworksBuildPhase section */

/* Begin PBXGroup section */
		4E20AEF82DD4B96200184744 = {
			isa = PBXGroup;
			children = (
				4E20AF032DD4B96200184744 /* BabyBrunch */,
				4E20AF142DD4B96400184744 /* BabyBrunchTests */,
				4E20AF1E2DD4B96400184744 /* BabyBrunchUITests */,
				4E20AF022DD4B96200184744 /* Products */,
			);
			sourceTree = "<group>";
		};
		4E20AF022DD4B96200184744 /* Products */ = {
			isa = PBXGroup;
			children = (
				4E20AF012DD4B96200184744 /* BabyBrunch.app */,
				4E20AF112DD4B96400184744 /* BabyBrunchTests.xctest */,
				4E20AF1B2DD4B96400184744 /* BabyBrunchUITests.xctest */,
			);
			name = Products;
			sourceTree = "<group>";
		};
		4E20AF032DD4B96200184744 /* BabyBrunch */ = {
			isa = PBXGroup;
			children = (
				4E20AF042DD4B96200184744 /* BabyBrunchApp.swift */,
				4E20AF062DD4B96200184744 /* ContentView.swift */,
				4E20AF082DD4B96400184744 /* Assets.xcassets */,
				4E20AF0A2DD4B96400184744 /* Preview Content */,
			);
			path = BabyBrunch;
			sourceTree = "<group>";
		};
		4E20AF0A2DD4B96400184744 /* Preview Content */ = {
			isa = PBXGroup;
			children = (
				4E20AF0B2DD4B96400184744 /* Preview Assets.xcassets */,
			);
			path = "Preview Content";
			sourceTree = "<group>";
		};
		4E20AF142DD4B96400184744 /* BabyBrunchTests */ = {
			isa = PBXGroup;
			children = (
				4E20AF152DD4B96400184744 /* BabyBrunchTests.swift */,
			);
			path = BabyBrunchTests;
			sourceTree = "<group>";
		};
		4E20AF1E2DD4B96400184744 /* BabyBrunchUITests */ = {
			isa = PBXGroup;
			children = (
				4E20AF1F2DD4B96400184744 /* BabyBrunchUITests.swift */,
				4E20AF212DD4B96400184744 /* BabyBrunchUITestsLaunchTests.swift */,
			);
			path = BabyBrunchUITests;
			sourceTree = "<group>";
		};
/* End PBXGroup section */

/* Begin PBXNativeTarget section */
		4E20AF002DD4B96200184744 /* BabyBrunch */ = {
			isa = PBXNativeTarget;
			buildConfigurationList = 4E20AF252DD4B96400184744 /* Build configuration list for PBXNativeTarget "BabyBrunch" */;
			buildPhases = (
				4E20AEFD2DD4B96200184744 /* Sources */,
				4E20AEFE2DD4B96200184744 /* Frameworks */,
				4E20AEFF2DD4B96200184744 /* Resources */,
			);
			buildRules = (
			);
			dependencies = (
			);
			name = BabyBrunch;
			productName = BabyBrunch;
			productReference = 4E20AF012DD4B96200184744 /* BabyBrunch.app */;
			productType = "com.apple.product-type.application";
		};
		4E20AF102DD4B96400184744 /* BabyBrunchTests */ = {
			isa = PBXNativeTarget;
			buildConfigurationList = 4E20AF282DD4B96400184744 /* Build configuration list for PBXNativeTarget "BabyBrunchTests" */;
			buildPhases = (
				4E20AF0D2DD4B96400184744 /* Sources */,
				4E20AF0E2DD4B96400184744 /* Frameworks */,
				4E20AF0F2DD4B96400184744 /* Resources */,
			);
			buildRules = (
			);
			dependencies = (
				4E20AF132DD4B96400184744 /* PBXTargetDependency */,
			);
			name = BabyBrunchTests;
			productName = BabyBrunchTests;
			productReference = 4E20AF112DD4B96400184744 /* BabyBrunchTests.xctest */;
			productType = "com.apple.product-type.bundle.unit-test";
		};
		4E20AF1A2DD4B96400184744 /* BabyBrunchUITests */ = {
			isa = PBXNativeTarget;
			buildConfigurationList = 4E20AF2B2DD4B96400184744 /* Build configuration list for PBXNativeTarget "BabyBrunchUITests" */;
			buildPhases = (
				4E20AF172DD4B96400184744 /* Sources */,
				4E20AF182DD4B96400184744 /* Frameworks */,
				4E20AF192DD4B96400184744 /* Resources */,
			);
			buildRules = (
			);
			dependencies = (
				4E20AF1D2DD4B96400184744 /* PBXTargetDependency */,
			);
			name = BabyBrunchUITests;
			productName = BabyBrunchUITests;
			productReference = 4E20AF1B2DD4B96400184744 /* BabyBrunchUITests.xctest */;
			productType = "com.apple.product-type.bundle.ui-testing";
		};
/* End PBXNativeTarget section */

/* Begin PBXProject section */
		4E20AEF92DD4B96200184744 /* Project object */ = {
			isa = PBXProject;
			attributes = {
				BuildIndependentTargetsInParallel = 1;
				LastSwiftUpdateCheck = 1420;
				LastUpgradeCheck = 1420;
				TargetAttributes = {
					4E20AF002DD4B96200184744 = {
						CreatedOnToolsVersion = 14.2;
					};
					4E20AF102DD4B96400184744 = {
						CreatedOnToolsVersion = 14.2;
						TestTargetID = 4E20AF002DD4B96200184744;
					};
					4E20AF1A2DD4B96400184744 = {
						CreatedOnToolsVersion = 14.2;
						TestTargetID = 4E20AF002DD4B96200184744;
					};
				};
			};
			buildConfigurationList = 4E20AEFC2DD4B96200184744 /* Build configuration list for PBXProject "BabyBrunch" */;
			compatibilityVersion = "Xcode 14.0";
			developmentRegion = en;
			hasScannedForEncodings = 0;
			knownRegions = (
				en,
				Base,
			);
			mainGroup = 4E20AEF82DD4B96200184744;
			productRefGroup = 4E20AF022DD4B96200184744 /* Products */;
			projectDirPath = "";
			projectRoot = "";
			targets = (
				4E20AF002DD4B96200184744 /* BabyBrunch */,
				4E20AF102DD4B96400184744 /* BabyBrunchTests */,
				4E20AF1A2DD4B96400184744 /* BabyBrunchUITests */,
			);
		};
/* End PBXProject section */

/* Begin PBXResourcesBuildPhase section */
		4E20AEFF2DD4B96200184744 /* Resources */ = {
			isa = PBXResourcesBuildPhase;
			buildActionMask = 2147483647;
			files = (
				4E20AF0C2DD4B96400184744 /* Preview Assets.xcassets in Resources */,
				4E20AF092DD4B96400184744 /* Assets.xcassets in Resources */,
			);
			runOnlyForDeploymentPostprocessing = 0;
		};
		4E20AF0F2DD4B96400184744 /* Resources */ = {
			isa = PBXResourcesBuildPhase;
			buildActionMask = 2147483647;
			files = (
			);
			runOnlyForDeploymentPostprocessing = 0;
		};
		4E20AF192DD4B96400184744 /* Resources */ = {
			isa = PBXResourcesBuildPhase;
			buildActionMask = 2147483647;
			files = (
			);
			runOnlyForDeploymentPostprocessing = 0;
		};
/* End PBXResourcesBuildPhase section */

/* Begin PBXSourcesBuildPhase section */
		4E20AEFD2DD4B96200184744 /* Sources */ = {
			isa = PBXSourcesBuildPhase;
			buildActionMask = 2147483647;
			files = (
				4E20AF072DD4B96200184744 /* ContentView.swift in Sources */,
				4E20AF052DD4B96200184744 /* BabyBrunchApp.swift in Sources */,
			);
			runOnlyForDeploymentPostprocessing = 0;
		};
		4E20AF0D2DD4B96400184744 /* Sources */ = {
			isa = PBXSourcesBuildPhase;
			buildActionMask = 2147483647;
			files = (
				4E20AF162DD4B96400184744 /* BabyBrunchTests.swift in Sources */,
			);
			runOnlyForDeploymentPostprocessing = 0;
		};
		4E20AF172DD4B96400184744 /* Sources */ = {
			isa = PBXSourcesBuildPhase;
			buildActionMask = 2147483647;
			files = (
				4E20AF222DD4B96400184744 /* BabyBrunchUITestsLaunchTests.swift in Sources */,
				4E20AF202DD4B96400184744 /* BabyBrunchUITests.swift in Sources */,
			);
			runOnlyForDeploymentPostprocessing = 0;
		};
/* End PBXSourcesBuildPhase section */

/* Begin PBXTargetDependency section */
		4E20AF132DD4B96400184744 /* PBXTargetDependency */ = {
			isa = PBXTargetDependency;
			target = 4E20AF002DD4B96200184744 /* BabyBrunch */;
			targetProxy = 4E20AF122DD4B96400184744 /* PBXContainerItemProxy */;
		};
		4E20AF1D2DD4B96400184744 /* PBXTargetDependency */ = {
			isa = PBXTargetDependency;
			target = 4E20AF002DD4B96200184744 /* BabyBrunch */;
			targetProxy = 4E20AF1C2DD4B96400184744 /* PBXContainerItemProxy */;
		};
/* End PBXTargetDependency section */

/* Begin XCBuildConfiguration section */
		4E20AF232DD4B96400184744 /* Debug */ = {
			isa = XCBuildConfiguration;
			buildSettings = {
				ALWAYS_SEARCH_USER_PATHS = NO;
				CLANG_ANALYZER_NONNULL = YES;
				CLANG_ANALYZER_NUMBER_OBJECT_CONVERSION = YES_AGGRESSIVE;
				CLANG_CXX_LANGUAGE_STANDARD = "gnu++20";
				CLANG_ENABLE_MODULES = YES;
				CLANG_ENABLE_OBJC_ARC = YES;
				CLANG_ENABLE_OBJC_WEAK = YES;
				CLANG_WARN_BLOCK_CAPTURE_AUTORELEASING = YES;
				CLANG_WARN_BOOL_CONVERSION = YES;
				CLANG_WARN_COMMA = YES;
				CLANG_WARN_CONSTANT_CONVERSION = YES;
				CLANG_WARN_DEPRECATED_OBJC_IMPLEMENTATIONS = YES;
				CLANG_WARN_DIRECT_OBJC_ISA_USAGE = YES_ERROR;
				CLANG_WARN_DOCUMENTATION_COMMENTS = YES;
				CLANG_WARN_EMPTY_BODY = YES;
				CLANG_WARN_ENUM_CONVERSION = YES;
				CLANG_WARN_INFINITE_RECURSION = YES;
				CLANG_WARN_INT_CONVERSION = YES;
				CLANG_WARN_NON_LITERAL_NULL_CONVERSION = YES;
				CLANG_WARN_OBJC_IMPLICIT_RETAIN_SELF = YES;
				CLANG_WARN_OBJC_LITERAL_CONVERSION = YES;
				CLANG_WARN_OBJC_ROOT_CLASS = YES_ERROR;
				CLANG_WARN_QUOTED_INCLUDE_IN_FRAMEWORK_HEADER = YES;
				CLANG_WARN_RANGE_LOOP_ANALYSIS = YES;
				CLANG_WARN_STRICT_PROTOTYPES = YES;
				CLANG_WARN_SUSPICIOUS_MOVE = YES;
				CLANG_WARN_UNGUARDED_AVAILABILITY = YES_AGGRESSIVE;
				CLANG_WARN_UNREACHABLE_CODE = YES;
				CLANG_WARN__DUPLICATE_METHOD_MATCH = YES;
				COPY_PHASE_STRIP = NO;
				DEBUG_INFORMATION_FORMAT = dwarf;
				ENABLE_STRICT_OBJC_MSGSEND = YES;
				ENABLE_TESTABILITY = YES;
				GCC_C_LANGUAGE_STANDARD = gnu11;
				GCC_DYNAMIC_NO_PIC = NO;
				GCC_NO_COMMON_BLOCKS = YES;
				GCC_OPTIMIZATION_LEVEL = 0;
				GCC_PREPROCESSOR_DEFINITIONS = (
					"DEBUG=1",
					"$(inherited)",
				);
				GCC_WARN_64_TO_32_BIT_CONVERSION = YES;
				GCC_WARN_ABOUT_RETURN_TYPE = YES_ERROR;
				GCC_WARN_UNDECLARED_SELECTOR = YES;
				GCC_WARN_UNINITIALIZED_AUTOS = YES_AGGRESSIVE;
				GCC_WARN_UNUSED_FUNCTION = YES;
				GCC_WARN_UNUSED_VARIABLE = YES;
				IPHONEOS_DEPLOYMENT_TARGET = 16.2;
				MTL_ENABLE_DEBUG_INFO = INCLUDE_SOURCE;
				MTL_FAST_MATH = YES;
				ONLY_ACTIVE_ARCH = YES;
				SDKROOT = iphoneos;
				SWIFT_ACTIVE_COMPILATION_CONDITIONS = DEBUG;
				SWIFT_OPTIMIZATION_LEVEL = "-Onone";
			};
			name = Debug;
		};
		4E20AF242DD4B96400184744 /* Release */ = {
			isa = XCBuildConfiguration;
			buildSettings = {
				ALWAYS_SEARCH_USER_PATHS = NO;
				CLANG_ANALYZER_NONNULL = YES;
				CLANG_ANALYZER_NUMBER_OBJECT_CONVERSION = YES_AGGRESSIVE;
				CLANG_CXX_LANGUAGE_STANDARD = "gnu++20";
				CLANG_ENABLE_MODULES = YES;
				CLANG_ENABLE_OBJC_ARC = YES;
				CLANG_ENABLE_OBJC_WEAK = YES;
				CLANG_WARN_BLOCK_CAPTURE_AUTORELEASING = YES;
				CLANG_WARN_BOOL_CONVERSION = YES;
				CLANG_WARN_COMMA = YES;
				CLANG_WARN_CONSTANT_CONVERSION = YES;
				CLANG_WARN_DEPRECATED_OBJC_IMPLEMENTATIONS = YES;
				CLANG_WARN_DIRECT_OBJC_ISA_USAGE = YES_ERROR;
				CLANG_WARN_DOCUMENTATION_COMMENTS = YES;
				CLANG_WARN_EMPTY_BODY = YES;
				CLANG_WARN_ENUM_CONVERSION = YES;
				CLANG_WARN_INFINITE_RECURSION = YES;
				CLANG_WARN_INT_CONVERSION = YES;
				CLANG_WARN_NON_LITERAL_NULL_CONVERSION = YES;
				CLANG_WARN_OBJC_IMPLICIT_RETAIN_SELF = YES;
				CLANG_WARN_OBJC_LITERAL_CONVERSION = YES;
				CLANG_WARN_OBJC_ROOT_CLASS = YES_ERROR;
				CLANG_WARN_QUOTED_INCLUDE_IN_FRAMEWORK_HEADER = YES;
				CLANG_WARN_RANGE_LOOP_ANALYSIS = YES;
				CLANG_WARN_STRICT_PROTOTYPES = YES;
				CLANG_WARN_SUSPICIOUS_MOVE = YES;
				CLANG_WARN_UNGUARDED_AVAILABILITY = YES_AGGRESSIVE;
				CLANG_WARN_UNREACHABLE_CODE = YES;
				CLANG_WARN__DUPLICATE_METHOD_MATCH = YES;
				COPY_PHASE_STRIP = NO;
				DEBUG_INFORMATION_FORMAT = "dwarf-with-dsym";
				ENABLE_NS_ASSERTIONS = NO;
				ENABLE_STRICT_OBJC_MSGSEND = YES;
				GCC_C_LANGUAGE_STANDARD = gnu11;
				GCC_NO_COMMON_BLOCKS = YES;
				GCC_WARN_64_TO_32_BIT_CONVERSION = YES;
				GCC_WARN_ABOUT_RETURN_TYPE = YES_ERROR;
				GCC_WARN_UNDECLARED_SELECTOR = YES;
				GCC_WARN_UNINITIALIZED_AUTOS = YES_AGGRESSIVE;
				GCC_WARN_UNUSED_FUNCTION = YES;
				GCC_WARN_UNUSED_VARIABLE = YES;
				IPHONEOS_DEPLOYMENT_TARGET = 16.2;
				MTL_ENABLE_DEBUG_INFO = NO;
				MTL_FAST_MATH = YES;
				SDKROOT = iphoneos;
				SWIFT_COMPILATION_MODE = wholemodule;
				SWIFT_OPTIMIZATION_LEVEL = "-O";
				VALIDATE_PRODUCT = YES;
			};
			name = Release;
		};
		4E20AF262DD4B96400184744 /* Debug */ = {
			isa = XCBuildConfiguration;
			buildSettings = {
				ASSETCATALOG_COMPILER_APPICON_NAME = AppIcon;
				ASSETCATALOG_COMPILER_GLOBAL_ACCENT_COLOR_NAME = AccentColor;
				CODE_SIGN_STYLE = Automatic;
				CURRENT_PROJECT_VERSION = 1;
				DEVELOPMENT_ASSET_PATHS = "\"BabyBrunch/Preview Content\"";
				ENABLE_PREVIEWS = YES;
				GENERATE_INFOPLIST_FILE = YES;
				INFOPLIST_KEY_UIApplicationSceneManifest_Generation = YES;
				INFOPLIST_KEY_UIApplicationSupportsIndirectInputEvents = YES;
				INFOPLIST_KEY_UILaunchScreen_Generation = YES;
				INFOPLIST_KEY_UISupportedInterfaceOrientations_iPad = "UIInterfaceOrientationPortrait UIInterfaceOrientationPortraitUpsideDown UIInterfaceOrientationLandscapeLeft UIInterfaceOrientationLandscapeRight";
				INFOPLIST_KEY_UISupportedInterfaceOrientations_iPhone = "UIInterfaceOrientationPortrait UIInterfaceOrientationLandscapeLeft UIInterfaceOrientationLandscapeRight";
				LD_RUNPATH_SEARCH_PATHS = (
					"$(inherited)",
					"@executable_path/Frameworks",
				);
				MARKETING_VERSION = 1.0;
				PRODUCT_BUNDLE_IDENTIFIER = com.yourprojekt.start.BabyBrunch;
				PRODUCT_NAME = "$(TARGET_NAME)";
				SWIFT_EMIT_LOC_STRINGS = YES;
				SWIFT_VERSION = 5.0;
				TARGETED_DEVICE_FAMILY = "1,2";
			};
			name = Debug;
		};
		4E20AF272DD4B96400184744 /* Release */ = {
			isa = XCBuildConfiguration;
			buildSettings = {
				ASSETCATALOG_COMPILER_APPICON_NAME = AppIcon;
				ASSETCATALOG_COMPILER_GLOBAL_ACCENT_COLOR_NAME = AccentColor;
				CODE_SIGN_STYLE = Automatic;
				CURRENT_PROJECT_VERSION = 1;
				DEVELOPMENT_ASSET_PATHS = "\"BabyBrunch/Preview Content\"";
				ENABLE_PREVIEWS = YES;
				GENERATE_INFOPLIST_FILE = YES;
				INFOPLIST_KEY_UIApplicationSceneManifest_Generation = YES;
				INFOPLIST_KEY_UIApplicationSupportsIndirectInputEvents = YES;
				INFOPLIST_KEY_UILaunchScreen_Generation = YES;
				INFOPLIST_KEY_UISupportedInterfaceOrientations_iPad = "UIInterfaceOrientationPortrait UIInterfaceOrientationPortraitUpsideDown UIInterfaceOrientationLandscapeLeft UIInterfaceOrientationLandscapeRight";
				INFOPLIST_KEY_UISupportedInterfaceOrientations_iPhone = "UIInterfaceOrientationPortrait UIInterfaceOrientationLandscapeLeft UIInterfaceOrientationLandscapeRight";
				LD_RUNPATH_SEARCH_PATHS = (
					"$(inherited)",
					"@executable_path/Frameworks",
				);
				MARKETING_VERSION = 1.0;
				PRODUCT_BUNDLE_IDENTIFIER = com.yourprojekt.start.BabyBrunch;
				PRODUCT_NAME = "$(TARGET_NAME)";
				SWIFT_EMIT_LOC_STRINGS = YES;
				SWIFT_VERSION = 5.0;
				TARGETED_DEVICE_FAMILY = "1,2";
			};
			name = Release;
		};
		4E20AF292DD4B96400184744 /* Debug */ = {
			isa = XCBuildConfiguration;
			buildSettings = {
				ALWAYS_EMBED_SWIFT_STANDARD_LIBRARIES = YES;
				BUNDLE_LOADER = "$(TEST_HOST)";
				CODE_SIGN_STYLE = Automatic;
				CURRENT_PROJECT_VERSION = 1;
				GENERATE_INFOPLIST_FILE = YES;
				IPHONEOS_DEPLOYMENT_TARGET = 16.2;
				MARKETING_VERSION = 1.0;
				PRODUCT_BUNDLE_IDENTIFIER = com.yourprojekt.start.BabyBrunchTests;
				PRODUCT_NAME = "$(TARGET_NAME)";
				SWIFT_EMIT_LOC_STRINGS = NO;
				SWIFT_VERSION = 5.0;
				TARGETED_DEVICE_FAMILY = "1,2";
				TEST_HOST = "$(BUILT_PRODUCTS_DIR)/BabyBrunch.app/$(BUNDLE_EXECUTABLE_FOLDER_PATH)/BabyBrunch";
			};
			name = Debug;
		};
		4E20AF2A2DD4B96400184744 /* Release */ = {
			isa = XCBuildConfiguration;
			buildSettings = {
				ALWAYS_EMBED_SWIFT_STANDARD_LIBRARIES = YES;
				BUNDLE_LOADER = "$(TEST_HOST)";
				CODE_SIGN_STYLE = Automatic;
				CURRENT_PROJECT_VERSION = 1;
				GENERATE_INFOPLIST_FILE = YES;
				IPHONEOS_DEPLOYMENT_TARGET = 16.2;
				MARKETING_VERSION = 1.0;
				PRODUCT_BUNDLE_IDENTIFIER = com.yourprojekt.start.BabyBrunchTests;
				PRODUCT_NAME = "$(TARGET_NAME)";
				SWIFT_EMIT_LOC_STRINGS = NO;
				SWIFT_VERSION = 5.0;
				TARGETED_DEVICE_FAMILY = "1,2";
				TEST_HOST = "$(BUILT_PRODUCTS_DIR)/BabyBrunch.app/$(BUNDLE_EXECUTABLE_FOLDER_PATH)/BabyBrunch";
			};
			name = Release;
		};
		4E20AF2C2DD4B96400184744 /* Debug */ = {
			isa = XCBuildConfiguration;
			buildSettings = {
				ALWAYS_EMBED_SWIFT_STANDARD_LIBRARIES = YES;
				CODE_SIGN_STYLE = Automatic;
				CURRENT_PROJECT_VERSION = 1;
				GENERATE_INFOPLIST_FILE = YES;
				MARKETING_VERSION = 1.0;
				PRODUCT_BUNDLE_IDENTIFIER = com.yourprojekt.start.BabyBrunchUITests;
				PRODUCT_NAME = "$(TARGET_NAME)";
				SWIFT_EMIT_LOC_STRINGS = NO;
				SWIFT_VERSION = 5.0;
				TARGETED_DEVICE_FAMILY = "1,2";
				TEST_TARGET_NAME = BabyBrunch;
			};
			name = Debug;
		};
		4E20AF2D2DD4B96400184744 /* Release */ = {
			isa = XCBuildConfiguration;
			buildSettings = {
				ALWAYS_EMBED_SWIFT_STANDARD_LIBRARIES = YES;
				CODE_SIGN_STYLE = Automatic;
				CURRENT_PROJECT_VERSION = 1;
				GENERATE_INFOPLIST_FILE = YES;
				MARKETING_VERSION = 1.0;
				PRODUCT_BUNDLE_IDENTIFIER = com.yourprojekt.start.BabyBrunchUITests;
				PRODUCT_NAME = "$(TARGET_NAME)";
				SWIFT_EMIT_LOC_STRINGS = NO;
				SWIFT_VERSION = 5.0;
				TARGETED_DEVICE_FAMILY = "1,2";
				TEST_TARGET_NAME = BabyBrunch;
			};
			name = Release;
		};
/* End XCBuildConfiguration section */

/* Begin XCConfigurationList section */
		4E20AEFC2DD4B96200184744 /* Build configuration list for PBXProject "BabyBrunch" */ = {
			isa = XCConfigurationList;
			buildConfigurations = (
				4E20AF232DD4B96400184744 /* Debug */,
				4E20AF242DD4B96400184744 /* Release */,
			);
			defaultConfigurationIsVisible = 0;
			defaultConfigurationName = Release;
		};
		4E20AF252DD4B96400184744 /* Build configuration list for PBXNativeTarget "BabyBrunch" */ = {
			isa = XCConfigurationList;
			buildConfigurations = (
				4E20AF262DD4B96400184744 /* Debug */,
				4E20AF272DD4B96400184744 /* Release */,
			);
			defaultConfigurationIsVisible = 0;
			defaultConfigurationName = Release;
		};
		4E20AF282DD4B96400184744 /* Build configuration list for PBXNativeTarget "BabyBrunchTests" */ = {
			isa = XCConfigurationList;
			buildConfigurations = (
				4E20AF292DD4B96400184744 /* Debug */,
				4E20AF2A2DD4B96400184744 /* Release */,
			);
			defaultConfigurationIsVisible = 0;
			defaultConfigurationName = Release;
		};
		4E20AF2B2DD4B96400184744 /* Build configuration list for PBXNativeTarget "BabyBrunchUITests" */ = {
			isa = XCConfigurationList;
			buildConfigurations = (
				4E20AF2C2DD4B96400184744 /* Debug */,
				4E20AF2D2DD4B96400184744 /* Release */,
			);
			defaultConfigurationIsVisible = 0;
			defaultConfigurationName = Release;
		};
/* End XCConfigurationList section */
	};
	rootObject = 4E20AEF92DD4B96200184744 /* Project object */;
}
